
Microsoft Visual Studio Solution File, Format Version 12.00
# Visual Studio Version 17
VisualStudioVersion = 17.0.31903.59
MinimumVisualStudioVersion = 10.0.40219.1
Project("{FAE04EC0-301F-11D3-BF4B-00C04F79EFBC}") = "breakfast.contracts", "breakfast.contracts\breakfast.contracts.csproj", "{C54DA716-35BB-49EE-BF96-6F6867024C30}"
EndProject
Project("{FAE04EC0-301F-11D3-BF4B-00C04F79EFBC}") = "breakfast", "breakfast\breakfast.csproj", "{33A0E0AE-1C27-45EA-A17E-5380DDB4615C}"
EndProject
Global
	GlobalSection(SolutionConfigurationPlatforms) = preSolution
		Debug|Any CPU = Debug|Any CPU
		Release|Any CPU = Release|Any CPU
	EndGlobalSection
	GlobalSection(SolutionProperties) = preSolution
		HideSolutionNode = FALSE
	EndGlobalSection
	GlobalSection(ProjectConfigurationPlatforms) = postSolution
		{C54DA716-35BB-49EE-BF96-6F6867024C30}.Debug|Any CPU.ActiveCfg = Debug|Any CPU
		{C54DA716-35BB-49EE-BF96-6F6867024C30}.Debug|Any CPU.Build.0 = Debug|Any CPU
		{C54DA716-35BB-49EE-BF96-6F6867024C30}.Release|Any CPU.ActiveCfg = Release|Any CPU
		{C54DA716-35BB-49EE-BF96-6F6867024C30}.Release|Any CPU.Build.0 = Release|Any CPU
		{33A0E0AE-1C27-45EA-A17E-5380DDB4615C}.Debug|Any CPU.ActiveCfg = Debug|Any CPU
		{33A0E0AE-1C27-45EA-A17E-5380DDB4615C}.Debug|Any CPU.Build.0 = Debug|Any CPU
		{33A0E0AE-1C27-45EA-A17E-5380DDB4615C}.Release|Any CPU.ActiveCfg = Release|Any CPU
		{33A0E0AE-1C27-45EA-A17E-5380DDB4615C}.Release|Any CPU.Build.0 = Release|Any CPU
	EndGlobalSection
EndGlobal
